code.cloudfoundry.org/lager v0.0.0-20190115020142-54c4f2530dde h1:2P/1L5rJ11ZsoLVTGbLMJArFwMIA5jfNKQ8TWDDM+6k=
code.cloudfoundry.org/lager v0.0.0-20190115020142-54c4f2530dde/go.mod h1:O2sS7gKP3HM2iemG+EnwvyNQK7pTSC6Foi4QiMp9sSk=
github.com/10gen/ops-manager-cloudfoundry v0.0.0-20190802141135-984acdf00a53 h1:BrQODrr7VOKkjxTthqvVj25h3a0rn08Ju4sYGYrUgrY=
github.com/10gen/ops-manager-cloudfoundry v0.0.0-20190802141135-984acdf00a53/go.mod h1:UEg4LgoorNshm+N+8o6ldV3N/IVPzUg4BjGbCpGNnp8=
github.com/10gen/ops-manager-cloudfoundry v0.0.0-20191016104356-4d6e003bc20c h1:cvst4vv1M2y6INnla5kZKzSt1Ug7RnnCzucIpvOVDEk=
github.com/10gen/ops-manager-cloudfoundry/src/smoke-tests v0.0.0-20191016104356-4d6e003bc20c h1:GY6XGcvtdarfNISXDgv4WlrsXjDAmYI9alCQzfhNjTE=
github.com/bmizerany/assert v0.0.0-20160611221934-b7ed37b82869 h1:DDGfHa7BWjL4YnC6+E63dPcxHo2sUxDIu8g3QgEJdRY=
github.com/bmizerany/assert v0.0.0-20160611221934-b7ed37b82869/go.mod h1:Ekp36dRnpXw/yCqJaO+ZrUyxD+3VXMFFr56k5XYrpB4=
github.com/bmizerany/pat v0.0.0-20170815010413-6226ea591a40 h1:y4B3+GPxKlrigF1ha5FFErxK+sr6sWxQovRMzwMhejo=
github.com/bmizerany/pat v0.0.0-20170815010413-6226ea591a40/go.mod h1:8rLXio+WjiTceGBHIoTvn60HIbs7Hm7bcHjyrSqYB9c=
github.com/davecgh/go-spew v1.1.0 h1:ZDRjVQ15GmhC3fiQ8ni8+OwkZQO4DARzQgrnXU1Liz8=
github.com/davecgh/go-spew v1.1.0/go.mod h1:J7Y8YcW2NihsgmVo/mv3lAwl/skON4iLHjSsI+c5H38=
github.com/drewolson/testflight v1.0.0 h1:jgA0pHcFIPnXoBmyFzrdoR2ka4UvReMDsjYc7Jcvl80=
github.com/drewolson/testflight v1.0.0/go.mod h1:t9oKuuEohRGLb80SWX+uxJHuhX98B7HnojqtW+Ryq30=
github.com/golang/protobuf v1.3.2 h1:6nsPYzhq5kReh6QImI3k5qWzO4PEbvbIW2cwSfR/6xs=
github.com/golang/protobuf v1.3.2/go.mod h1:6lQm79b+lXiMfvg/cZm0SGofjICqVBUtrP5yJMmIC1U=
github.com/gorilla/mux v1.7.3 h1:gnP5JzjVOuiZD07fKKToCAOjS0yOpj/qPETTXCCS6hw=
github.com/gorilla/mux v1.7.3/go.mod h1:1lud6UwP+6orDFRuTfBEV8e9/aOM/c4fVVCaMa2zaAs=
github.com/kr/pretty v0.0.0-20160823170715-cfb55aafdaf3 h1:dhwb1Ev84SKKVBfLuhR4bw/29yYHzwtTyTLUWWnvYxI=
github.com/kr/pretty v0.0.0-20160823170715-cfb55aafdaf3/go.mod h1:Bvhd+E3laJ0AVkG0c9rmtZcnhV0HQ3+c3YxxqTvc/gA=
github.com/kr/text v0.0.0-20160504234017-7cafcd837844 h1:kpzneEBeC0dMewP3gr/fADv1OlblH9r1goWVwpOt3TU=
github.com/kr/text v0.0.0-20160504234017-7cafcd837844/go.mod h1:sjUstKUATFIcff4qlB53Kml0wQPtJVc/3fWrmuUmcfA=
github.com/onsi/ginkgo v1.5.0 h1:uZr+v/TFDdYkdA+j02sPO1kA5owrfjBGCJAogfIyThE=
github.com/onsi/ginkgo v1.5.0/go.mod h1:lLunBs/Ym6LB5Z9jYTR76FiuTmxDTDusOGeTQH+WWjE=
github.com/onsi/gomega v1.4.0 h1:p/ZBjQI9G/VwoPrslo/sqS6R5vHU9Od60+axIiP6WuQ=
github.com/onsi/gomega v1.4.0/go.mod h1:C1qb7wdrVGGVU+Z6iS04AVkA3Q65CEZX59MT0QO5uiA=
github.com/pborman/uuid v0.0.0-20170612153648-e790cca94e6c h1:MUyE44mTvnI5A0xrxIxaMqoWFzPfQvtE2IWUollMDMs=
github.com/pborman/uuid v0.0.0-20170612153648-e790cca94e6c/go.mod h1:VyrYX9gd7irzKovcSS6BIIEwPRkP2Wm2m9ufcdFSJ34=
github.com/pivotal-cf-experimental/cf-test-helpers v0.0.0-20170428144005-e56b6ec41da9 h1:llmX+dA24XZ71cwhF6wNGsNzYqZNlxp85JK+NR26PME=
github.com/pivotal-cf-experimental/cf-test-helpers v0.0.0-20170428144005-e56b6ec41da9/go.mod h1:G7ZaimYYyHgkymzFpjZgaxXktLN16i1+eogBnXJkddc=
github.com/pivotal-cf/brokerapi v5.1.0+incompatible h1:cXm8Mwh03+8d5jnF+7dcforRCG5gsuKQAfNepIyLbYM=
github.com/pivotal-cf/brokerapi v5.1.0+incompatible/go.mod h1:P+oA8NvkCTkq2t4DohBiyqQo69Ub15RKGcm/vKNP0gg=
github.com/pivotal-cf/on-demand-services-sdk v0.31.0 h1:v7JE77+Sze3cpYwvOSUUq/8kMuCR2QKH092wi8jSyu8=
github.com/pivotal-cf/on-demand-services-sdk v0.31.0/go.mod h1:SUPrSgozF2bSPdxxE+a6MBk2NJUmNd+VA8lfwi56J6w=
github.com/pkg/errors v0.8.1 h1:iURUrRGxPUNPdy5/HRSm+Yj6okJ6UtLINN0Q9M4+h3I=
github.com/pkg/errors v0.8.1/go.mod h1:bwawxfHBFNV+L2hUp1rHADufV3IMtnDRdf1r5NINEl0=
github.com/pmezard/go-difflib v1.0.0 h1:4DBwDE0NGyQoBHbLQYPwSUPoCMWR5BEzIk/f1lZbAQM=
github.com/pmezard/go-difflib v1.0.0/go.mod h1:iKH77koFhYxTK1pcRnkKkqfTogsbg7gZNVY4sRDYZ/4=
github.com/stretchr/objx v0.1.0/go.mod h1:HFkY916IF+rwdDfMAkV7OtwuqBVzrE8GR6GFx+wExME=
github.com/stretchr/testify v1.4.0 h1:2E4SXV/wtOkTonXsotYi4li6zVWxYlZuYNCXe9XRJyk=
github.com/stretchr/testify v1.4.0/go.mod h1:j7eGeouHqKxXV5pUuKE4zz7dFj8WfuZ+81PSLYec5m4=
github.com/tidwall/gjson v1.3.2 h1:+7p3qQFaH3fOMXAJSrdZwGKcOO/lYdGS0HqGhPqDdTI=
github.com/tidwall/gjson v1.3.2/go.mod h1:P256ACg0Mn+j1RXIDXoss50DeIABTYK1PULOJHhxOls=
github.com/tidwall/match v1.0.1 h1:PnKP62LPNxHKTwvHHZZzdOAOCtsJTjo6dZLCwpKm5xc=
github.com/tidwall/match v1.0.1/go.mod h1:LujAq0jyVjBy028G1WhWfIzbpQfMO8bBZ6Tyb0+pL9E=
github.com/tidwall/pretty v1.0.0 h1:HsD+QiTn7sK6flMKIvNmpqz1qrpP3Ps6jOKIKMooyg4=
github.com/tidwall/pretty v1.0.0/go.mod h1:XNkn88O1ChpSDQmQeStsy+sBenx6DDtFZJxhVysOjyk=
golang.org/x/net v0.0.0-20180218175443-cbe0f9307d01/go.mod h1:mL1N/T3taQHkDXs73rZJwtUhF3w3ftmwwsq0BUmARs4=
golang.org/x/net v0.0.0-20180519122554-57065200b4b0 h1:QTObP7iCbAilq2V5ptSYrIOdTsdhvdUWzvm2i8Yo4m0=
golang.org/x/net v0.0.0-20180519122554-57065200b4b0/go.mod h1:mL1N/T3taQHkDXs73rZJwtUhF3w3ftmwwsq0BUmARs4=
golang.org/x/sys v0.0.0-20180514143608-7c87d13f8e83 h1:RBQVaDuCnVU3bRWKyzSxMStfh2k1xl+FdtjOsarwO28=
golang.org/x/sys v0.0.0-20180514143608-7c87d13f8e83/go.mod h1:STP8DvDyc/dI5b8T5hshtkjS+E42TnysNCUPdjciGhY=
golang.org/x/text v0.3.0 h1:g61tztE5qeGQ89tm6NTjjM9VPIm088od1l6aSorWRWg=
golang.org/x/text v0.3.0/go.mod h1:NqM8EUOU14njkJ3fqMW+pc6Ldnwhi/IjpwHt7yyuwOQ=
gopkg.in/check.v1 v0.0.0-20161208181325-20d25e280405 h1:yhCVgyC4o1eVCa2tZl7eS0r+SDo693bJlVdllGtEeKM=
gopkg.in/check.v1 v0.0.0-20161208181325-20d25e280405/go.mod h1:Co6ibVJAznAaIkqp8huTwlJQCZ016jof/cbN4VW5Yz0=
gopkg.in/go-playground/assert.v1 v1.2.1 h1:xoYuJVE7KT85PYWrN730RguIQO0ePzVRfFMXadIrXTM=
gopkg.in/go-playground/assert.v1 v1.2.1/go.mod h1:9RXL0bg/zibRAgZUYszZSwO/z8Y/a8bDuhia5mkpMnE=
gopkg.in/go-playground/validator.v8 v8.18.2 h1:lFB4DoMU6B626w8ny76MV7VX6W2VHct2GVOI3xgiMrQ=
gopkg.in/go-playground/validator.v8 v8.18.2/go.mod h1:RX2a/7Ha8BgOhfk7j780h4/u/RRjR0eouCJSH80/M2Y=
gopkg.in/mgo.v2 v2.0.0-20180705113604-9856a29383ce h1:xcEWjVhvbDy+nHP67nPDDpbYrY+ILlfndk4bRioVHaU=
gopkg.in/mgo.v2 v2.0.0-20180705113604-9856a29383ce/go.mod h1:yeKp02qBN3iKW1OzL3MGk2IdtZzaj7SFntXj72NppTA=
gopkg.in/yaml.v2 v2.2.2 h1:ZCJp+EgiOT7lHqUV2J862kp8Qj64Jo6az82+3Td9dZw=
gopkg.in/yaml.v2 v2.2.2/go.mod h1:hI93XBmqTisBFMUTm0b8Fm+jr3Dg1NNxqwp+5A1VGuI=
