# This file is autogenerated, do not edit; changes may be undone by the next 'dep ensure'.


[[projects]]
  branch = "master"
  digest = "1:98a0a95c73a9b62d412530d393f5442bd2145c4bb9a100b6fcc02bbc55298e48"
  name = "code.cloudfoundry.org/lager"
  packages = [
    ".",
    "internal/truncate",
  ]
  pruneopts = ""
  revision = "54c4f2530ddeb742ce9c9ee26f5fa758d6c1b3b6"

[[projects]]
  branch = "master"
  digest = "1:1d0e1db63bbddd5f64c512238f701eb48ba75acc0372a0998c5c560eb2db1501"
  name = "github.com/10gen/ops-manager-cloudfoundry"
  packages = [
    "src/mongodb-service-adapter/adapter",
    "src/mongodb-service-adapter/digest",
  ]
  pruneopts = ""
  revision = "984acdf00a53d0066920e4a63af3e0af00899277"

[[projects]]
  digest = "1:883e2fdbdd0e577187bd8106fec775b1176059af267a7f40eba5308955c67d52"
  name = "github.com/gorilla/mux"
  packages = ["."]
  pruneopts = ""
  revision = "00bdffe0f3c77e27d2cf6f5c70232a2d3e4d9c15"
  version = "v1.7.3"

[[projects]]
  digest = "1:e397f3ce8424e8409089c7bcfbf8418e1662fa2dd39ebbdcd9869272172ef2ab"
  name = "github.com/pivotal-cf/brokerapi"
  packages = [
    ".",
    "auth",
    "domain",
    "domain/apiresponses",
    "handlers",
    "middlewares",
    "utils",
  ]
  pruneopts = ""
  revision = "e7d54e46385921bf37584975d398ce8b35d5351c"
  version = "v5.1.0"

[[projects]]
  digest = "1:52dddd33f3c2e815e93b6aea5c8a984583db4c6beae7ae7accb07acd42b3d5ac"
  name = "github.com/pivotal-cf/on-demand-services-sdk"
  packages = [
    "bosh",
    "serviceadapter",
  ]
  pruneopts = ""
  revision = "6e50ec91dba0e137c6cce2c15fc523b745f86db5"
  version = "v0.31.0"

[[projects]]
  digest = "1:1d7e1867c49a6dd9856598ef7c3123604ea3daabf5b83f303ff457bcbc410b1d"
  name = "github.com/pkg/errors"
  packages = ["."]
  pruneopts = ""
  revision = "ba968bfe8b2f7e042a574c888954fccecfa385b4"
  version = "v0.8.1"

[[projects]]
  digest = "1:30e9a79822702670b96d3461aca7da11b8cc6e7954eb4e859e886559ed4802a4"
  name = "github.com/tidwall/gjson"
  packages = ["."]
  pruneopts = ""
  revision = "c5e72cdf74dff23857243dd662c465b810891c21"
  version = "v1.3.2"

[[projects]]
  digest = "1:72511ec1089fee111c995492d1d390a38ac7ab888aabdb1188985f2a1719c599"
  name = "github.com/tidwall/match"
  packages = ["."]
  pruneopts = ""
  revision = "33827db735fff6510490d69a8622612558a557ed"
  version = "v1.0.1"

[[projects]]
  digest = "1:1d7cab09854959fe179fe2f209400626f3dda9ec8e8b719c661d7b2add7b54b5"
  name = "github.com/tidwall/pretty"
  packages = ["."]
  pruneopts = ""
  revision = "1166b9ac2b65e46a43d8618d30d1554f4652d49b"
  version = "v1.0.0"

[[projects]]
  digest = "1:dd549e360e5a8f982a28c2bcbe667307ceffe538ed9afc7c965524f1ac285b3f"
  name = "gopkg.in/go-playground/validator.v8"
  packages = ["."]
  pruneopts = ""
  revision = "5f1438d3fca68893a817e4a66806cea46a9e4ebf"
  version = "v8.18.2"

[[projects]]
  branch = "v2"
  digest = "1:f54ba71a035aac92ced3e902d2bff3734a15d1891daff73ec0f90ef236750139"
  name = "gopkg.in/mgo.v2"
  packages = [
    ".",
    "bson",
    "internal/json",
    "internal/sasl",
    "internal/scram",
  ]
  pruneopts = ""
  revision = "9856a29383ce1c59f308dd1cf0363a79b5bef6b5"

[[projects]]
  branch = "v2"
  digest = "1:60ccede33d50c82c86e907255319a6f40dca4ac395e5ee143638176d3b871069"
  name = "gopkg.in/yaml.v2"
  packages = ["."]
  pruneopts = ""
  revision = "7b8349ac747c6a24702b762d2c4fd9266cf4f1d6"

[solve-meta]
  analyzer-name = "dep"
  analyzer-version = 1
  input-imports = [
    "github.com/10gen/ops-manager-cloudfoundry/src/mongodb-service-adapter/adapter",
    "github.com/10gen/ops-manager-cloudfoundry/src/mongodb-service-adapter/digest",
    "github.com/pivotal-cf/on-demand-services-sdk/bosh",
    "github.com/pivotal-cf/on-demand-services-sdk/serviceadapter",
    "github.com/tidwall/gjson",
    "gopkg.in/mgo.v2",
  ]
  solver-name = "gps-cdcl"
  solver-version = 1
